{
  "projects": [
    {
      "projectId": "ohDidvG9XsCeFumugENU3J",
      "version": "6.19.0",
      "dependencies": {},
      "lang": "js",
      "fileLocks": [
        {
          "assetId": "ohDidvG9XsCeFumugENU3J",
          "type": "projectCss",
          "checksum": "fd83b730367fdbde2c69bc6cf31c2a3c"
        },
        {
          "assetId": "ohDidvG9XsCeFumugENU3J",
          "checksum": "de0a0e65174a6a185a8f822af51c6bdd",
          "type": "globalContexts"
        }
      ],
      "codegenVersion": "0.0.1"
    },
    {
      "projectId": "nT5KcU3zyMS2wxZ8Rc3Mjw",
      "version": "latest",
      "dependencies": {
        "ohDidvG9XsCeFumugENU3J": "6.19.0"
      },
      "lang": "js",
      "fileLocks": [
        {
          "type": "globalVariant",
          "assetId": "CL50k9qzfGB9",
          "checksum": "5338536729a9f199a2904c31b668821b"
        },
        {
          "assetId": "nT5KcU3zyMS2wxZ8Rc3Mjw",
          "checksum": "0e247cdbfd371f7a1dd7666526f87a49",
          "type": "globalContexts"
        },
        {
          "type": "renderModule",
          "assetId": "w05S0fPlBKbG",
          "checksum": "e975d0eeaeeb3e333988ae20b4cc46e0"
        },
        {
          "type": "cssRules",
          "assetId": "w05S0fPlBKbG",
          "checksum": "e975d0eeaeeb3e333988ae20b4cc46e0"
        },
        {
          "type": "renderModule",
          "assetId": "zxdiucBenW6N",
          "checksum": "96976ec98f244f6c8236cd89b6e92fd1"
        },
        {
          "type": "cssRules",
          "assetId": "zxdiucBenW6N",
          "checksum": "96976ec98f244f6c8236cd89b6e92fd1"
        },
        {
          "type": "renderModule",
          "assetId": "OAIBcV5pvCxK",
          "checksum": "032a62321e63cee7df6fcaf042eba0b8"
        },
        {
          "type": "cssRules",
          "assetId": "OAIBcV5pvCxK",
          "checksum": "032a62321e63cee7df6fcaf042eba0b8"
        },
        {
          "type": "renderModule",
          "assetId": "v-0F0jw1XWqT",
          "checksum": "066f139576f8c2567c5957e7916eabae"
        },
        {
          "type": "cssRules",
          "assetId": "v-0F0jw1XWqT",
          "checksum": "066f139576f8c2567c5957e7916eabae"
        },
        {
          "type": "renderModule",
          "assetId": "DN4D9G0f1W-U",
          "checksum": "ff0b608d4d509178287dc8c27f4e4ea0"
        },
        {
          "type": "cssRules",
          "assetId": "DN4D9G0f1W-U",
          "checksum": "ff0b608d4d509178287dc8c27f4e4ea0"
        },
        {
          "type": "renderModule",
          "assetId": "MLlkIg1349ad",
          "checksum": "9e0d67524f344ee3fd39cb6a8041cff3"
        },
        {
          "type": "cssRules",
          "assetId": "MLlkIg1349ad",
          "checksum": "9e0d67524f344ee3fd39cb6a8041cff3"
        },
        {
          "type": "renderModule",
          "assetId": "njdBZhMB_s6c",
          "checksum": "28193db2e74cc79ca8d6ee9b7bd843f6"
        },
        {
          "type": "cssRules",
          "assetId": "njdBZhMB_s6c",
          "checksum": "28193db2e74cc79ca8d6ee9b7bd843f6"
        },
        {
          "type": "renderModule",
          "assetId": "lyRPxJUdp0SU",
          "checksum": "ee17f358e7c92c41ce99c4c84a49a351"
        },
        {
          "type": "cssRules",
          "assetId": "lyRPxJUdp0SU",
          "checksum": "ee17f358e7c92c41ce99c4c84a49a351"
        },
        {
          "type": "icon",
          "assetId": "9TU0_ONiKdzV",
          "checksum": "52cd0646e0e3e7f69c8614da373300af"
        },
        {
          "type": "icon",
          "assetId": "hkedgKdVrVI3",
          "checksum": "c40607983cfab981a107880361f98b5c"
        },
        {
          "type": "renderModule",
          "assetId": "hImsFKgCrESY",
          "checksum": "6769ca13a66956b992bc0c61df60052e"
        },
        {
          "type": "cssRules",
          "assetId": "hImsFKgCrESY",
          "checksum": "6769ca13a66956b992bc0c61df60052e"
        },
        {
          "assetId": "nT5KcU3zyMS2wxZ8Rc3Mjw",
          "type": "projectCss",
          "checksum": "0306956b7528d3857cb7410ffb0f4463"
        }
      ],
      "codegenVersion": "0.0.1"
    }
  ],
  "cliVersion": "0.1.326"
}
