{
  "projects": [
    {
      "projectId": "ohDidvG9XsCeFumugENU3J",
      "version": "6.19.0",
      "dependencies": {},
      "lang": "js",
      "fileLocks": [
        {
          "assetId": "ohDidvG9XsCeFumugENU3J",
          "type": "projectCss",
          "checksum": "fd83b730367fdbde2c69bc6cf31c2a3c"
        },
        {
          "assetId": "ohDidvG9XsCeFumugENU3J",
          "checksum": "de0a0e65174a6a185a8f822af51c6bdd",
          "type": "globalContexts"
        }
      ],
      "codegenVersion": "0.0.1"
    },
    {
      "projectId": "nT5KcU3zyMS2wxZ8Rc3Mjw",
      "version": "latest",
      "dependencies": {
        "ohDidvG9XsCeFumugENU3J": "6.19.0"
      },
      "lang": "js",
      "fileLocks": [
        {
          "type": "globalVariant",
          "assetId": "CL50k9qzfGB9",
          "checksum": "5338536729a9f199a2904c31b668821b"
        },
        {
          "assetId": "nT5KcU3zyMS2wxZ8Rc3Mjw",
          "checksum": "35e46e9b5a30dd07a95648b08e84ea75",
          "type": "globalContexts"
        },
        {
          "type": "renderModule",
          "assetId": "w05S0fPlBKbG",
          "checksum": "354111cad6674d7ad6f22269ecb2620a"
        },
        {
          "type": "cssRules",
          "assetId": "w05S0fPlBKbG",
          "checksum": "354111cad6674d7ad6f22269ecb2620a"
        },
        {
          "type": "renderModule",
          "assetId": "zxdiucBenW6N",
          "checksum": "11752bcaba56b9dc5778f3cd9700ada6"
        },
        {
          "type": "cssRules",
          "assetId": "zxdiucBenW6N",
          "checksum": "11752bcaba56b9dc5778f3cd9700ada6"
        },
        {
          "type": "renderModule",
          "assetId": "OAIBcV5pvCxK",
          "checksum": "40f49169878004d3f9ad6329b0abc726"
        },
        {
          "type": "cssRules",
          "assetId": "OAIBcV5pvCxK",
          "checksum": "40f49169878004d3f9ad6329b0abc726"
        },
        {
          "type": "renderModule",
          "assetId": "v-0F0jw1XWqT",
          "checksum": "066f139576f8c2567c5957e7916eabae"
        },
        {
          "type": "cssRules",
          "assetId": "v-0F0jw1XWqT",
          "checksum": "066f139576f8c2567c5957e7916eabae"
        },
        {
          "type": "renderModule",
          "assetId": "DN4D9G0f1W-U",
          "checksum": "ff0b608d4d509178287dc8c27f4e4ea0"
        },
        {
          "type": "cssRules",
          "assetId": "DN4D9G0f1W-U",
          "checksum": "ff0b608d4d509178287dc8c27f4e4ea0"
        },
        {
          "type": "renderModule",
          "assetId": "MLlkIg1349ad",
          "checksum": "6da6d0d605196b705389041a4e3be7c6"
        },
        {
          "type": "cssRules",
          "assetId": "MLlkIg1349ad",
          "checksum": "6da6d0d605196b705389041a4e3be7c6"
        },
        {
          "type": "renderModule",
          "assetId": "njdBZhMB_s6c",
          "checksum": "f37b1e2d1974e79f9f79797dd7c6567b"
        },
        {
          "type": "cssRules",
          "assetId": "njdBZhMB_s6c",
          "checksum": "f37b1e2d1974e79f9f79797dd7c6567b"
        },
        {
          "type": "renderModule",
          "assetId": "lyRPxJUdp0SU",
          "checksum": "98d96e80b66eefe64070580c4503567c"
        },
        {
          "type": "cssRules",
          "assetId": "lyRPxJUdp0SU",
          "checksum": "98d96e80b66eefe64070580c4503567c"
        },
        {
          "type": "icon",
          "assetId": "9TU0_ONiKdzV",
          "checksum": "52cd0646e0e3e7f69c8614da373300af"
        },
        {
          "type": "icon",
          "assetId": "hkedgKdVrVI3",
          "checksum": "c40607983cfab981a107880361f98b5c"
        },
        {
          "type": "renderModule",
          "assetId": "hImsFKgCrESY",
          "checksum": "68403f1c317df7b2bb1af9f00eef08ea"
        },
        {
          "type": "cssRules",
          "assetId": "hImsFKgCrESY",
          "checksum": "68403f1c317df7b2bb1af9f00eef08ea"
        },
        {
          "type": "renderModule",
          "assetId": "0W22cQAiPzr5",
          "checksum": "6349e6d0e37877caa59ce5e95b766152"
        },
        {
          "type": "cssRules",
          "assetId": "0W22cQAiPzr5",
          "checksum": "6349e6d0e37877caa59ce5e95b766152"
        },
        {
          "type": "renderModule",
          "assetId": "Wcc0Zz6wewUE",
          "checksum": "10c28133274c4729d3517e7dcbb33ff2"
        },
        {
          "type": "cssRules",
          "assetId": "Wcc0Zz6wewUE",
          "checksum": "10c28133274c4729d3517e7dcbb33ff2"
        },
        {
          "assetId": "nT5KcU3zyMS2wxZ8Rc3Mjw",
          "type": "projectCss",
          "checksum": "0306956b7528d3857cb7410ffb0f4463"
        }
      ],
      "codegenVersion": "0.0.1"
    }
  ],
  "cliVersion": "0.1.326"
}
